
Microsoft Visual Studio Solution File, Format Version 12.00
# Visual Studio 15
VisualStudioVersion = 15.0.27703.2026
MinimumVisualStudioVersion = 10.0.40219.1
Project("{FAE04EC0-301F-11D3-BF4B-00C04F79EFBC}") = "ImagicTool", "ImagicTool\ImagicTool.csproj", "{162B2D09-9C93-4238-BAFC-468435B5EBD8}"
EndProject
Global
	GlobalSection(SolutionConfigurationPlatforms) = preSolution
		Debug|Any CPU = Debug|Any CPU
		Release|Any CPU = Release|Any CPU
	EndGlobalSection
	GlobalSection(ProjectConfigurationPlatforms) = postSolution
		{162B2D09-9C93-4238-BAFC-468435B5EBD8}.Debug|Any CPU.ActiveCfg = Debug|Any CPU
		{162B2D09-9C93-4238-BAFC-468435B5EBD8}.Debug|Any CPU.Build.0 = Debug|Any CPU
		{162B2D09-9C93-4238-BAFC-468435B5EBD8}.Release|Any CPU.ActiveCfg = Release|Any CPU
		{162B2D09-9C93-4238-BAFC-468435B5EBD8}.Release|Any CPU.Build.0 = Release|Any CPU
	EndGlobalSection
	GlobalSection(SolutionProperties) = preSolution
		HideSolutionNode = FALSE
	EndGlobalSection
	GlobalSection(ExtensibilityGlobals) = postSolution
		SolutionGuid = {8014D676-4AED-438E-8353-CC798E3E6509}
	EndGlobalSection
EndGlobal
